// !$*UTF8*$!
{
	archiveVersion = 1;
	classes = {
	};
	objectVersion = 56;
	objects = {

/* Begin PBXBuildFile section */
		AC966A8C2B31D7A200DD7047 /* ViewTransitions.swift in Sources */ = {isa = PBXBuildFile; fileRef = AC966A8B2B31D7A200DD7047 /* ViewTransitions.swift */; };
		AC966A8E2B34AE9000DD7047 /* FlipAnimation.swift in Sources */ = {isa = PBXBuildFile; fileRef = AC966A8D2B34AE9000DD7047 /* FlipAnimation.swift */; };
		AC966A902B38BD0600DD7047 /* Shaders.metal in Sources */ = {isa = PBXBuildFile; fileRef = AC966A8F2B38BD0600DD7047 /* Shaders.metal */; };
		AC966A922B38BD2A00DD7047 /* SwiftUI+Metal.swift in Sources */ = {isa = PBXBuildFile; fileRef = AC966A912B38BD2A00DD7047 /* SwiftUI+Metal.swift */; };
		AC966A962B3C917800DD7047 /* SwiftDataExample.swift in Sources */ = {isa = PBXBuildFile; fileRef = AC966A952B3C917800DD7047 /* SwiftDataExample.swift */; };
		ACB0E7DD2B16304300738015 /* ParentChildViews.swift in Sources */ = {isa = PBXBuildFile; fileRef = ACB0E7DC2B16304300738015 /* ParentChildViews.swift */; };
		ACB0E7DF2B18E59D00738015 /* ImageMagnifier.swift in Sources */ = {isa = PBXBuildFile; fileRef = ACB0E7DE2B18E59C00738015 /* ImageMagnifier.swift */; };
		ACB0E7E12B20E74700738015 /* LayoutNeutral.swift in Sources */ = {isa = PBXBuildFile; fileRef = ACB0E7E02B20E74700738015 /* LayoutNeutral.swift */; };
		ACB0E7E32B22653200738015 /* AnimatableViews.swift in Sources */ = {isa = PBXBuildFile; fileRef = ACB0E7E22B22653200738015 /* AnimatableViews.swift */; };
		ACB0E7E52B227BBD00738015 /* AnimationTiming.swift in Sources */ = {isa = PBXBuildFile; fileRef = ACB0E7E42B227BBD00738015 /* AnimationTiming.swift */; };
		ACFB3A202B0CF7FF00B84BB0 /* SwiftUISamplesApp.swift in Sources */ = {isa = PBXBuildFile; fileRef = ACFB3A1F2B0CF7FF00B84BB0 /* SwiftUISamplesApp.swift */; };
		ACFB3A222B0CF7FF00B84BB0 /* ContentView.swift in Sources */ = {isa = PBXBuildFile; fileRef = ACFB3A212B0CF7FF00B84BB0 /* ContentView.swift */; };
		ACFB3A242B0CF80100B84BB0 /* Assets.xcassets in Resources */ = {isa = PBXBuildFile; fileRef = ACFB3A232B0CF80100B84BB0 /* Assets.xcassets */; };
		ACFB3A272B0CF80100B84BB0 /* Preview Assets.xcassets in Resources */ = {isa = PBXBuildFile; fileRef = ACFB3A262B0CF80100B84BB0 /* Preview Assets.xcassets */; };
		ACFB3A2F2B0CF8DA00B84BB0 /* CustomEnvironmentKey.swift in Sources */ = {isa = PBXBuildFile; fileRef = ACFB3A2E2B0CF8DA00B84BB0 /* CustomEnvironmentKey.swift */; };
/* End PBXBuildFile section */

/* Begin PBXFileReference section */
		AC966A8B2B31D7A200DD7047 /* ViewTransitions.swift */ = {isa = PBXFileReference; lastKnownFileType = sourcecode.swift; path = ViewTransitions.swift; sourceTree = "<group>"; };
		AC966A8D2B34AE9000DD7047 /* FlipAnimation.swift */ = {isa = PBXFileReference; lastKnownFileType = sourcecode.swift; path = FlipAnimation.swift; sourceTree = "<group>"; };
		AC966A8F2B38BD0600DD7047 /* Shaders.metal */ = {isa = PBXFileReference; lastKnownFileType = sourcecode.metal; path = Shaders.metal; sourceTree = "<group>"; };
		AC966A912B38BD2A00DD7047 /* SwiftUI+Metal.swift */ = {isa = PBXFileReference; lastKnownFileType = sourcecode.swift; path = "SwiftUI+Metal.swift"; sourceTree = "<group>"; };
		AC966A952B3C917800DD7047 /* SwiftDataExample.swift */ = {isa = PBXFileReference; lastKnownFileType = sourcecode.swift; path = SwiftDataExample.swift; sourceTree = "<group>"; };
		ACB0E7DC2B16304300738015 /* ParentChildViews.swift */ = {isa = PBXFileReference; lastKnownFileType = sourcecode.swift; path = ParentChildViews.swift; sourceTree = "<group>"; };
		ACB0E7DE2B18E59C00738015 /* ImageMagnifier.swift */ = {isa = PBXFileReference; lastKnownFileType = sourcecode.swift; path = ImageMagnifier.swift; sourceTree = "<group>"; };
		ACB0E7E02B20E74700738015 /* LayoutNeutral.swift */ = {isa = PBXFileReference; lastKnownFileType = sourcecode.swift; path = LayoutNeutral.swift; sourceTree = "<group>"; };
		ACB0E7E22B22653200738015 /* AnimatableViews.swift */ = {isa = PBXFileReference; lastKnownFileType = sourcecode.swift; path = AnimatableViews.swift; sourceTree = "<group>"; };
		ACB0E7E42B227BBD00738015 /* AnimationTiming.swift */ = {isa = PBXFileReference; lastKnownFileType = sourcecode.swift; path = AnimationTiming.swift; sourceTree = "<group>"; };
		ACFB3A1C2B0CF7FF00B84BB0 /* SwiftUISamples.app */ = {isa = PBXFileReference; explicitFileType = wrapper.application; includeInIndex = 0; path = SwiftUISamples.app; sourceTree = BUILT_PRODUCTS_DIR; };
		ACFB3A1F2B0CF7FF00B84BB0 /* SwiftUISamplesApp.swift */ = {isa = PBXFileReference; lastKnownFileType = sourcecode.swift; path = SwiftUISamplesApp.swift; sourceTree = "<group>"; };
		ACFB3A212B0CF7FF00B84BB0 /* ContentView.swift */ = {isa = PBXFileReference; lastKnownFileType = sourcecode.swift; path = ContentView.swift; sourceTree = "<group>"; };
		ACFB3A232B0CF80100B84BB0 /* Assets.xcassets */ = {isa = PBXFileReference; lastKnownFileType = folder.assetcatalog; path = Assets.xcassets; sourceTree = "<group>"; };
		ACFB3A262B0CF80100B84BB0 /* Preview Assets.xcassets */ = {isa = PBXFileReference; lastKnownFileType = folder.assetcatalog; path = "Preview Assets.xcassets"; sourceTree = "<group>"; };
		ACFB3A2E2B0CF8DA00B84BB0 /* CustomEnvironmentKey.swift */ = {isa = PBXFileReference; lastKnownFileType = sourcecode.swift; path = CustomEnvironmentKey.swift; sourceTree = "<group>"; };
/* End PBXFileReference section */

/* Begin PBXFrameworksBuildPhase section */
		ACFB3A192B0CF7FF00B84BB0 /* Frameworks */ = {
			isa = PBXFrameworksBuildPhase;
			buildActionMask = 2147483647;
			files = (
			);
			runOnlyForDeploymentPostprocessing = 0;
		};
/* End PBXFrameworksBuildPhase section */

/* Begin PBXGroup section */
		ACFB3A132B0CF7FF00B84BB0 = {
			isa = PBXGroup;
			children = (
				ACFB3A1E2B0CF7FF00B84BB0 /* SwiftUISamples */,
				ACFB3A1D2B0CF7FF00B84BB0 /* Products */,
			);
			sourceTree = "<group>";
		};
		ACFB3A1D2B0CF7FF00B84BB0 /* Products */ = {
			isa = PBXGroup;
			children = (
				ACFB3A1C2B0CF7FF00B84BB0 /* SwiftUISamples.app */,
			);
			name = Products;
			sourceTree = "<group>";
		};
		ACFB3A1E2B0CF7FF00B84BB0 /* SwiftUISamples */ = {
			isa = PBXGroup;
			children = (
				ACFB3A2D2B0CF81E00B84BB0 /* Examples */,
				ACFB3A1F2B0CF7FF00B84BB0 /* SwiftUISamplesApp.swift */,
				ACFB3A212B0CF7FF00B84BB0 /* ContentView.swift */,
				ACFB3A232B0CF80100B84BB0 /* Assets.xcassets */,
				ACFB3A252B0CF80100B84BB0 /* Preview Content */,
			);
			path = SwiftUISamples;
			sourceTree = "<group>";
		};
		ACFB3A252B0CF80100B84BB0 /* Preview Content */ = {
			isa = PBXGroup;
			children = (
				ACFB3A262B0CF80100B84BB0 /* Preview Assets.xcassets */,
			);
			path = "Preview Content";
			sourceTree = "<group>";
		};
		ACFB3A2D2B0CF81E00B84BB0 /* Examples */ = {
			isa = PBXGroup;
			children = (
				ACFB3A2E2B0CF8DA00B84BB0 /* CustomEnvironmentKey.swift */,
				ACB0E7DC2B16304300738015 /* ParentChildViews.swift */,
				ACB0E7DE2B18E59C00738015 /* ImageMagnifier.swift */,
				ACB0E7E02B20E74700738015 /* LayoutNeutral.swift */,
				ACB0E7E22B22653200738015 /* AnimatableViews.swift */,
				ACB0E7E42B227BBD00738015 /* AnimationTiming.swift */,
				AC966A8B2B31D7A200DD7047 /* ViewTransitions.swift */,
				AC966A8D2B34AE9000DD7047 /* FlipAnimation.swift */,
				AC966A8F2B38BD0600DD7047 /* Shaders.metal */,
				AC966A912B38BD2A00DD7047 /* SwiftUI+Metal.swift */,
				AC966A952B3C917800DD7047 /* SwiftDataExample.swift */,
			);
			path = Examples;
			sourceTree = "<group>";
		};
/* End PBXGroup section */

/* Begin PBXNativeTarget section */
		ACFB3A1B2B0CF7FF00B84BB0 /* SwiftUISamples */ = {
			isa = PBXNativeTarget;
			buildConfigurationList = ACFB3A2A2B0CF80100B84BB0 /* Build configuration list for PBXNativeTarget "SwiftUISamples" */;
			buildPhases = (
				ACFB3A182B0CF7FF00B84BB0 /* Sources */,
				ACFB3A192B0CF7FF00B84BB0 /* Frameworks */,
				ACFB3A1A2B0CF7FF00B84BB0 /* Resources */,
			);
			buildRules = (
			);
			dependencies = (
			);
			name = SwiftUISamples;
			productName = SwiftUISamples;
			productReference = ACFB3A1C2B0CF7FF00B84BB0 /* SwiftUISamples.app */;
			productType = "com.apple.product-type.application";
		};
/* End PBXNativeTarget section */

/* Begin PBXProject section */
		ACFB3A142B0CF7FF00B84BB0 /* Project object */ = {
			isa = PBXProject;
			attributes = {
				BuildIndependentTargetsInParallel = 1;
				LastSwiftUpdateCheck = 1500;
				LastUpgradeCheck = 1500;
				TargetAttributes = {
					ACFB3A1B2B0CF7FF00B84BB0 = {
						CreatedOnToolsVersion = 15.0.1;
					};
				};
			};
			buildConfigurationList = ACFB3A172B0CF7FF00B84BB0 /* Build configuration list for PBXProject "SwiftUISamples" */;
			compatibilityVersion = "Xcode 14.0";
			developmentRegion = en;
			hasScannedForEncodings = 0;
			knownRegions = (
				en,
				Base,
			);
			mainGroup = ACFB3A132B0CF7FF00B84BB0;
			productRefGroup = ACFB3A1D2B0CF7FF00B84BB0 /* Products */;
			projectDirPath = "";
			projectRoot = "";
			targets = (
				ACFB3A1B2B0CF7FF00B84BB0 /* SwiftUISamples */,
			);
		};
/* End PBXProject section */

/* Begin PBXResourcesBuildPhase section */
		ACFB3A1A2B0CF7FF00B84BB0 /* Resources */ = {
			isa = PBXResourcesBuildPhase;
			buildActionMask = 2147483647;
			files = (
				ACFB3A272B0CF80100B84BB0 /* Preview Assets.xcassets in Resources */,
				ACFB3A242B0CF80100B84BB0 /* Assets.xcassets in Resources */,
			);
			runOnlyForDeploymentPostprocessing = 0;
		};
/* End PBXResourcesBuildPhase section */

/* Begin PBXSourcesBuildPhase section */
		ACFB3A182B0CF7FF00B84BB0 /* Sources */ = {
			isa = PBXSourcesBuildPhase;
			buildActionMask = 2147483647;
			files = (
				AC966A962B3C917800DD7047 /* SwiftDataExample.swift in Sources */,
				ACB0E7E52B227BBD00738015 /* AnimationTiming.swift in Sources */,
				ACFB3A222B0CF7FF00B84BB0 /* ContentView.swift in Sources */,
				ACB0E7DF2B18E59D00738015 /* ImageMagnifier.swift in Sources */,
				ACB0E7DD2B16304300738015 /* ParentChildViews.swift in Sources */,
				ACFB3A2F2B0CF8DA00B84BB0 /* CustomEnvironmentKey.swift in Sources */,
				ACFB3A202B0CF7FF00B84BB0 /* SwiftUISamplesApp.swift in Sources */,
				ACB0E7E12B20E74700738015 /* LayoutNeutral.swift in Sources */,
				AC966A8E2B34AE9000DD7047 /* FlipAnimation.swift in Sources */,
				AC966A902B38BD0600DD7047 /* Shaders.metal in Sources */,
				AC966A8C2B31D7A200DD7047 /* ViewTransitions.swift in Sources */,
				ACB0E7E32B22653200738015 /* AnimatableViews.swift in Sources */,
				AC966A922B38BD2A00DD7047 /* SwiftUI+Metal.swift in Sources */,
			);
			runOnlyForDeploymentPostprocessing = 0;
		};
/* End PBXSourcesBuildPhase section */

/* Begin XCBuildConfiguration section */
		ACFB3A282B0CF80100B84BB0 /* Debug */ = {
			isa = XCBuildConfiguration;
			buildSettings = {
				ALWAYS_SEARCH_USER_PATHS = NO;
				ASSETCATALOG_COMPILER_GENERATE_SWIFT_ASSET_SYMBOL_EXTENSIONS = YES;
				CLANG_ANALYZER_NONNULL = YES;
				CLANG_ANALYZER_NUMBER_OBJECT_CONVERSION = YES_AGGRESSIVE;
				CLANG_CXX_LANGUAGE_STANDARD = "gnu++20";
				CLANG_ENABLE_MODULES = YES;
				CLANG_ENABLE_OBJC_ARC = YES;
				CLANG_ENABLE_OBJC_WEAK = YES;
				CLANG_WARN_BLOCK_CAPTURE_AUTORELEASING = YES;
				CLANG_WARN_BOOL_CONVERSION = YES;
				CLANG_WARN_COMMA = YES;
				CLANG_WARN_CONSTANT_CONVERSION = YES;
				CLANG_WARN_DEPRECATED_OBJC_IMPLEMENTATIONS = YES;
				CLANG_WARN_DIRECT_OBJC_ISA_USAGE = YES_ERROR;
				CLANG_WARN_DOCUMENTATION_COMMENTS = YES;
				CLANG_WARN_EMPTY_BODY = YES;
				CLANG_WARN_ENUM_CONVERSION = YES;
				CLANG_WARN_INFINITE_RECURSION = YES;
				CLANG_WARN_INT_CONVERSION = YES;
				CLANG_WARN_NON_LITERAL_NULL_CONVERSION = YES;
				CLANG_WARN_OBJC_IMPLICIT_RETAIN_SELF = YES;
				CLANG_WARN_OBJC_LITERAL_CONVERSION = YES;
				CLANG_WARN_OBJC_ROOT_CLASS = YES_ERROR;
				CLANG_WARN_QUOTED_INCLUDE_IN_FRAMEWORK_HEADER = YES;
				CLANG_WARN_RANGE_LOOP_ANALYSIS = YES;
				CLANG_WARN_STRICT_PROTOTYPES = YES;
				CLANG_WARN_SUSPICIOUS_MOVE = YES;
				CLANG_WARN_UNGUARDED_AVAILABILITY = YES_AGGRESSIVE;
				CLANG_WARN_UNREACHABLE_CODE = YES;
				CLANG_WARN__DUPLICATE_METHOD_MATCH = YES;
				COPY_PHASE_STRIP = NO;
				DEBUG_INFORMATION_FORMAT = dwarf;
				ENABLE_STRICT_OBJC_MSGSEND = YES;
				ENABLE_TESTABILITY = YES;
				ENABLE_USER_SCRIPT_SANDBOXING = YES;
				GCC_C_LANGUAGE_STANDARD = gnu17;
				GCC_DYNAMIC_NO_PIC = NO;
				GCC_NO_COMMON_BLOCKS = YES;
				GCC_OPTIMIZATION_LEVEL = 0;
				GCC_PREPROCESSOR_DEFINITIONS = (
					"DEBUG=1",
					"$(inherited)",
				);
				GCC_WARN_64_TO_32_BIT_CONVERSION = YES;
				GCC_WARN_ABOUT_RETURN_TYPE = YES_ERROR;
				GCC_WARN_UNDECLARED_SELECTOR = YES;
				GCC_WARN_UNINITIALIZED_AUTOS = YES_AGGRESSIVE;
				GCC_WARN_UNUSED_FUNCTION = YES;
				GCC_WARN_UNUSED_VARIABLE = YES;
				IPHONEOS_DEPLOYMENT_TARGET = 17.0;
				LOCALIZATION_PREFERS_STRING_CATALOGS = YES;
				MTL_ENABLE_DEBUG_INFO = INCLUDE_SOURCE;
				MTL_FAST_MATH = YES;
				ONLY_ACTIVE_ARCH = YES;
				SDKROOT = iphoneos;
				SWIFT_ACTIVE_COMPILATION_CONDITIONS = "DEBUG $(inherited)";
				SWIFT_OPTIMIZATION_LEVEL = "-Onone";
			};
			name = Debug;
		};
		ACFB3A292B0CF80100B84BB0 /* Release */ = {
			isa = XCBuildConfiguration;
			buildSettings = {
				ALWAYS_SEARCH_USER_PATHS = NO;
				ASSETCATALOG_COMPILER_GENERATE_SWIFT_ASSET_SYMBOL_EXTENSIONS = YES;
				CLANG_ANALYZER_NONNULL = YES;
				CLANG_ANALYZER_NUMBER_OBJECT_CONVERSION = YES_AGGRESSIVE;
				CLANG_CXX_LANGUAGE_STANDARD = "gnu++20";
				CLANG_ENABLE_MODULES = YES;
				CLANG_ENABLE_OBJC_ARC = YES;
				CLANG_ENABLE_OBJC_WEAK = YES;
				CLANG_WARN_BLOCK_CAPTURE_AUTORELEASING = YES;
				CLANG_WARN_BOOL_CONVERSION = YES;
				CLANG_WARN_COMMA = YES;
				CLANG_WARN_CONSTANT_CONVERSION = YES;
				CLANG_WARN_DEPRECATED_OBJC_IMPLEMENTATIONS = YES;
				CLANG_WARN_DIRECT_OBJC_ISA_USAGE = YES_ERROR;
				CLANG_WARN_DOCUMENTATION_COMMENTS = YES;
				CLANG_WARN_EMPTY_BODY = YES;
				CLANG_WARN_ENUM_CONVERSION = YES;
				CLANG_WARN_INFINITE_RECURSION = YES;
				CLANG_WARN_INT_CONVERSION = YES;
				CLANG_WARN_NON_LITERAL_NULL_CONVERSION = YES;
				CLANG_WARN_OBJC_IMPLICIT_RETAIN_SELF = YES;
				CLANG_WARN_OBJC_LITERAL_CONVERSION = YES;
				CLANG_WARN_OBJC_ROOT_CLASS = YES_ERROR;
				CLANG_WARN_QUOTED_INCLUDE_IN_FRAMEWORK_HEADER = YES;
				CLANG_WARN_RANGE_LOOP_ANALYSIS = YES;
				CLANG_WARN_STRICT_PROTOTYPES = YES;
				CLANG_WARN_SUSPICIOUS_MOVE = YES;
				CLANG_WARN_UNGUARDED_AVAILABILITY = YES_AGGRESSIVE;
				CLANG_WARN_UNREACHABLE_CODE = YES;
				CLANG_WARN__DUPLICATE_METHOD_MATCH = YES;
				COPY_PHASE_STRIP = NO;
				DEBUG_INFORMATION_FORMAT = "dwarf-with-dsym";
				ENABLE_NS_ASSERTIONS = NO;
				ENABLE_STRICT_OBJC_MSGSEND = YES;
				ENABLE_USER_SCRIPT_SANDBOXING = YES;
				GCC_C_LANGUAGE_STANDARD = gnu17;
				GCC_NO_COMMON_BLOCKS = YES;
				GCC_WARN_64_TO_32_BIT_CONVERSION = YES;
				GCC_WARN_ABOUT_RETURN_TYPE = YES_ERROR;
				GCC_WARN_UNDECLARED_SELECTOR = YES;
				GCC_WARN_UNINITIALIZED_AUTOS = YES_AGGRESSIVE;
				GCC_WARN_UNUSED_FUNCTION = YES;
				GCC_WARN_UNUSED_VARIABLE = YES;
				IPHONEOS_DEPLOYMENT_TARGET = 17.0;
				LOCALIZATION_PREFERS_STRING_CATALOGS = YES;
				MTL_ENABLE_DEBUG_INFO = NO;
				MTL_FAST_MATH = YES;
				SDKROOT = iphoneos;
				SWIFT_COMPILATION_MODE = wholemodule;
				VALIDATE_PRODUCT = YES;
			};
			name = Release;
		};
		ACFB3A2B2B0CF80100B84BB0 /* Debug */ = {
			isa = XCBuildConfiguration;
			buildSettings = {
				ASSETCATALOG_COMPILER_APPICON_NAME = AppIcon;
				ASSETCATALOG_COMPILER_GLOBAL_ACCENT_COLOR_NAME = AccentColor;
				CODE_SIGN_STYLE = Automatic;
				CURRENT_PROJECT_VERSION = 1;
				DEVELOPMENT_ASSET_PATHS = "\"SwiftUISamples/Preview Content\"";
				ENABLE_PREVIEWS = YES;
				GENERATE_INFOPLIST_FILE = YES;
				INFOPLIST_KEY_UIApplicationSceneManifest_Generation = YES;
				INFOPLIST_KEY_UIApplicationSupportsIndirectInputEvents = YES;
				INFOPLIST_KEY_UILaunchScreen_Generation = YES;
				INFOPLIST_KEY_UISupportedInterfaceOrientations_iPad = "UIInterfaceOrientationPortrait UIInterfaceOrientationPortraitUpsideDown UIInterfaceOrientationLandscapeLeft UIInterfaceOrientationLandscapeRight";
				INFOPLIST_KEY_UISupportedInterfaceOrientations_iPhone = "UIInterfaceOrientationPortrait UIInterfaceOrientationLandscapeLeft UIInterfaceOrientationLandscapeRight";
				LD_RUNPATH_SEARCH_PATHS = (
					"$(inherited)",
					"@executable_path/Frameworks",
				);
				MARKETING_VERSION = 1.0;
				PRODUCT_BUNDLE_IDENTIFIER = com.markswells.SwiftUISamples;
				PRODUCT_NAME = "$(TARGET_NAME)";
				SWIFT_EMIT_LOC_STRINGS = YES;
				SWIFT_VERSION = 5.0;
				TARGETED_DEVICE_FAMILY = "1,2";
			};
			name = Debug;
		};
		ACFB3A2C2B0CF80100B84BB0 /* Release */ = {
			isa = XCBuildConfiguration;
			buildSettings = {
				ASSETCATALOG_COMPILER_APPICON_NAME = AppIcon;
				ASSETCATALOG_COMPILER_GLOBAL_ACCENT_COLOR_NAME = AccentColor;
				CODE_SIGN_STYLE = Automatic;
				CURRENT_PROJECT_VERSION = 1;
				DEVELOPMENT_ASSET_PATHS = "\"SwiftUISamples/Preview Content\"";
				ENABLE_PREVIEWS = YES;
				GENERATE_INFOPLIST_FILE = YES;
				INFOPLIST_KEY_UIApplicationSceneManifest_Generation = YES;
				INFOPLIST_KEY_UIApplicationSupportsIndirectInputEvents = YES;
				INFOPLIST_KEY_UILaunchScreen_Generation = YES;
				INFOPLIST_KEY_UISupportedInterfaceOrientations_iPad = "UIInterfaceOrientationPortrait UIInterfaceOrientationPortraitUpsideDown UIInterfaceOrientationLandscapeLeft UIInterfaceOrientationLandscapeRight";
				INFOPLIST_KEY_UISupportedInterfaceOrientations_iPhone = "UIInterfaceOrientationPortrait UIInterfaceOrientationLandscapeLeft UIInterfaceOrientationLandscapeRight";
				LD_RUNPATH_SEARCH_PATHS = (
					"$(inherited)",
					"@executable_path/Frameworks",
				);
				MARKETING_VERSION = 1.0;
				PRODUCT_BUNDLE_IDENTIFIER = com.markswells.SwiftUISamples;
				PRODUCT_NAME = "$(TARGET_NAME)";
				SWIFT_EMIT_LOC_STRINGS = YES;
				SWIFT_VERSION = 5.0;
				TARGETED_DEVICE_FAMILY = "1,2";
			};
			name = Release;
		};
/* End XCBuildConfiguration section */

/* Begin XCConfigurationList section */
		ACFB3A172B0CF7FF00B84BB0 /* Build configuration list for PBXProject "SwiftUISamples" */ = {
			isa = XCConfigurationList;
			buildConfigurations = (
				ACFB3A282B0CF80100B84BB0 /* Debug */,
				ACFB3A292B0CF80100B84BB0 /* Release */,
			);
			defaultConfigurationIsVisible = 0;
			defaultConfigurationName = Release;
		};
		ACFB3A2A2B0CF80100B84BB0 /* Build configuration list for PBXNativeTarget "SwiftUISamples" */ = {
			isa = XCConfigurationList;
			buildConfigurations = (
				ACFB3A2B2B0CF80100B84BB0 /* Debug */,
				ACFB3A2C2B0CF80100B84BB0 /* Release */,
			);
			defaultConfigurationIsVisible = 0;
			defaultConfigurationName = Release;
		};
/* End XCConfigurationList section */
	};
	rootObject = ACFB3A142B0CF7FF00B84BB0 /* Project object */;
}
